
Microsoft Visual Studio Solution File, Format Version 12.00
# Visual Studio 14
VisualStudioVersion = 14.0.25420.1
MinimumVisualStudioVersion = 10.0.40219.1
Project("{FAE04EC0-301F-11D3-BF4B-00C04F79EFBC}") = "Momo.Android", "Momo\Momo.Android\Momo.Android.csproj", "{F589D3E5-8C86-4D5D-BECA-8E20A7DA04DF}"
EndProject
Project("{FAE04EC0-301F-11D3-BF4B-00C04F79EFBC}") = "Momo", "Momo\Momo\Momo.csproj", "{936242D0-010E-4190-8469-3C4F55A4CFE7}"
EndProject
Project("{FAE04EC0-301F-11D3-BF4B-00C04F79EFBC}") = "Momo.UWP", "Momo\Momo.UWP\Momo.UWP.csproj", "{80A3D82B-A31E-4122-A25B-2E7C4FB037CF}"
EndProject
Global
	GlobalSection(SolutionConfigurationPlatforms) = preSolution
		Ad-Hoc|Any CPU = Ad-Hoc|Any CPU
		Ad-Hoc|ARM = Ad-Hoc|ARM
		Ad-Hoc|iPhone = Ad-Hoc|iPhone
		Ad-Hoc|iPhoneSimulator = Ad-Hoc|iPhoneSimulator
		Ad-Hoc|x64 = Ad-Hoc|x64
		Ad-Hoc|x86 = Ad-Hoc|x86
		AppStore|Any CPU = AppStore|Any CPU
		AppStore|ARM = AppStore|ARM
		AppStore|iPhone = AppStore|iPhone
		AppStore|iPhoneSimulator = AppStore|iPhoneSimulator
		AppStore|x64 = AppStore|x64
		AppStore|x86 = AppStore|x86
		Debug|Any CPU = Debug|Any CPU
		Debug|ARM = Debug|ARM
		Debug|iPhone = Debug|iPhone
		Debug|iPhoneSimulator = Debug|iPhoneSimulator
		Debug|x64 = Debug|x64
		Debug|x86 = Debug|x86
		Release|Any CPU = Release|Any CPU
		Release|ARM = Release|ARM
		Release|iPhone = Release|iPhone
		Release|iPhoneSimulator = Release|iPhoneSimulator
		Release|x64 = Release|x64
		Release|x86 = Release|x86
	EndGlobalSection
	GlobalSection(ProjectConfigurationPlatforms) = postSolution
		{F589D3E5-8C86-4D5D-BECA-8E20A7DA04DF}.Ad-Hoc|Any CPU.ActiveCfg = Release|Any CPU
		{F589D3E5-8C86-4D5D-BECA-8E20A7DA04DF}.Ad-Hoc|Any CPU.Build.0 = Release|Any CPU
		{F589D3E5-8C86-4D5D-BECA-8E20A7DA04DF}.Ad-Hoc|Any CPU.Deploy.0 = Release|Any CPU
		{F589D3E5-8C86-4D5D-BECA-8E20A7DA04DF}.Ad-Hoc|ARM.ActiveCfg = Release|Any CPU
		{F589D3E5-8C86-4D5D-BECA-8E20A7DA04DF}.Ad-Hoc|ARM.Build.0 = Release|Any CPU
		{F589D3E5-8C86-4D5D-BECA-8E20A7DA04DF}.Ad-Hoc|ARM.Deploy.0 = Release|Any CPU
		{F589D3E5-8C86-4D5D-BECA-8E20A7DA04DF}.Ad-Hoc|iPhone.ActiveCfg = Release|Any CPU
		{F589D3E5-8C86-4D5D-BECA-8E20A7DA04DF}.Ad-Hoc|iPhone.Build.0 = Release|Any CPU
		{F589D3E5-8C86-4D5D-BECA-8E20A7DA04DF}.Ad-Hoc|iPhone.Deploy.0 = Release|Any CPU
		{F589D3E5-8C86-4D5D-BECA-8E20A7DA04DF}.Ad-Hoc|iPhoneSimulator.ActiveCfg = Release|Any CPU
		{F589D3E5-8C86-4D5D-BECA-8E20A7DA04DF}.Ad-Hoc|iPhoneSimulator.Build.0 = Release|Any CPU
		{F589D3E5-8C86-4D5D-BECA-8E20A7DA04DF}.Ad-Hoc|iPhoneSimulator.Deploy.0 = Release|Any CPU
		{F589D3E5-8C86-4D5D-BECA-8E20A7DA04DF}.Ad-Hoc|x64.ActiveCfg = Release|Any CPU
		{F589D3E5-8C86-4D5D-BECA-8E20A7DA04DF}.Ad-Hoc|x64.Build.0 = Release|Any CPU
		{F589D3E5-8C86-4D5D-BECA-8E20A7DA04DF}.Ad-Hoc|x64.Deploy.0 = Release|Any CPU
		{F589D3E5-8C86-4D5D-BECA-8E20A7DA04DF}.Ad-Hoc|x86.ActiveCfg = Release|Any CPU
		{F589D3E5-8C86-4D5D-BECA-8E20A7DA04DF}.Ad-Hoc|x86.Build.0 = Release|Any CPU
		{F589D3E5-8C86-4D5D-BECA-8E20A7DA04DF}.Ad-Hoc|x86.Deploy.0 = Release|Any CPU
		{F589D3E5-8C86-4D5D-BECA-8E20A7DA04DF}.AppStore|Any CPU.ActiveCfg = Release|Any CPU
		{F589D3E5-8C86-4D5D-BECA-8E20A7DA04DF}.AppStore|Any CPU.Build.0 = Release|Any CPU
		{F589D3E5-8C86-4D5D-BECA-8E20A7DA04DF}.AppStore|Any CPU.Deploy.0 = Release|Any CPU
		{F589D3E5-8C86-4D5D-BECA-8E20A7DA04DF}.AppStore|ARM.ActiveCfg = Release|Any CPU
		{F589D3E5-8C86-4D5D-BECA-8E20A7DA04DF}.AppStore|ARM.Build.0 = Release|Any CPU
		{F589D3E5-8C86-4D5D-BECA-8E20A7DA04DF}.AppStore|ARM.Deploy.0 = Release|Any CPU
		{F589D3E5-8C86-4D5D-BECA-8E20A7DA04DF}.AppStore|iPhone.ActiveCfg = Release|Any CPU
		{F589D3E5-8C86-4D5D-BECA-8E20A7DA04DF}.AppStore|iPhone.Build.0 = Release|Any CPU
		{F589D3E5-8C86-4D5D-BECA-8E20A7DA04DF}.AppStore|iPhone.Deploy.0 = Release|Any CPU
		{F589D3E5-8C86-4D5D-BECA-8E20A7DA04DF}.AppStore|iPhoneSimulator.ActiveCfg = Release|Any CPU
		{F589D3E5-8C86-4D5D-BECA-8E20A7DA04DF}.AppStore|iPhoneSimulator.Build.0 = Release|Any CPU
		{F589D3E5-8C86-4D5D-BECA-8E20A7DA04DF}.AppStore|iPhoneSimulator.Deploy.0 = Release|Any CPU
		{F589D3E5-8C86-4D5D-BECA-8E20A7DA04DF}.AppStore|x64.ActiveCfg = Release|Any CPU
		{F589D3E5-8C86-4D5D-BECA-8E20A7DA04DF}.AppStore|x64.Build.0 = Release|Any CPU
		{F589D3E5-8C86-4D5D-BECA-8E20A7DA04DF}.AppStore|x64.Deploy.0 = Release|Any CPU
		{F589D3E5-8C86-4D5D-BECA-8E20A7DA04DF}.AppStore|x86.ActiveCfg = Release|Any CPU
		{F589D3E5-8C86-4D5D-BECA-8E20A7DA04DF}.AppStore|x86.Build.0 = Release|Any CPU
		{F589D3E5-8C86-4D5D-BECA-8E20A7DA04DF}.AppStore|x86.Deploy.0 = Release|Any CPU
		{F589D3E5-8C86-4D5D-BECA-8E20A7DA04DF}.Debug|Any CPU.ActiveCfg = Debug|Any CPU
		{F589D3E5-8C86-4D5D-BECA-8E20A7DA04DF}.Debug|Any CPU.Build.0 = Debug|Any CPU
		{F589D3E5-8C86-4D5D-BECA-8E20A7DA04DF}.Debug|Any CPU.Deploy.0 = Debug|Any CPU
		{F589D3E5-8C86-4D5D-BECA-8E20A7DA04DF}.Debug|ARM.ActiveCfg = Debug|Any CPU
		{F589D3E5-8C86-4D5D-BECA-8E20A7DA04DF}.Debug|ARM.Build.0 = Debug|Any CPU
		{F589D3E5-8C86-4D5D-BECA-8E20A7DA04DF}.Debug|ARM.Deploy.0 = Debug|Any CPU
		{F589D3E5-8C86-4D5D-BECA-8E20A7DA04DF}.Debug|iPhone.ActiveCfg = Debug|Any CPU
		{F589D3E5-8C86-4D5D-BECA-8E20A7DA04DF}.Debug|iPhone.Build.0 = Debug|Any CPU
		{F589D3E5-8C86-4D5D-BECA-8E20A7DA04DF}.Debug|iPhone.Deploy.0 = Debug|Any CPU
		{F589D3E5-8C86-4D5D-BECA-8E20A7DA04DF}.Debug|iPhoneSimulator.ActiveCfg = Debug|Any CPU
		{F589D3E5-8C86-4D5D-BECA-8E20A7DA04DF}.Debug|iPhoneSimulator.Build.0 = Debug|Any CPU
		{F589D3E5-8C86-4D5D-BECA-8E20A7DA04DF}.Debug|iPhoneSimulator.Deploy.0 = Debug|Any CPU
		{F589D3E5-8C86-4D5D-BECA-8E20A7DA04DF}.Debug|x64.ActiveCfg = Debug|Any CPU
		{F589D3E5-8C86-4D5D-BECA-8E20A7DA04DF}.Debug|x64.Build.0 = Debug|Any CPU
		{F589D3E5-8C86-4D5D-BECA-8E20A7DA04DF}.Debug|x64.Deploy.0 = Debug|Any CPU
		{F589D3E5-8C86-4D5D-BECA-8E20A7DA04DF}.Debug|x86.ActiveCfg = Debug|Any CPU
		{F589D3E5-8C86-4D5D-BECA-8E20A7DA04DF}.Debug|x86.Build.0 = Debug|Any CPU
		{F589D3E5-8C86-4D5D-BECA-8E20A7DA04DF}.Debug|x86.Deploy.0 = Debug|Any CPU
		{F589D3E5-8C86-4D5D-BECA-8E20A7DA04DF}.Release|Any CPU.ActiveCfg = Release|Any CPU
		{F589D3E5-8C86-4D5D-BECA-8E20A7DA04DF}.Release|Any CPU.Build.0 = Release|Any CPU
		{F589D3E5-8C86-4D5D-BECA-8E20A7DA04DF}.Release|Any CPU.Deploy.0 = Release|Any CPU
		{F589D3E5-8C86-4D5D-BECA-8E20A7DA04DF}.Release|ARM.ActiveCfg = Release|Any CPU
		{F589D3E5-8C86-4D5D-BECA-8E20A7DA04DF}.Release|ARM.Build.0 = Release|Any CPU
		{F589D3E5-8C86-4D5D-BECA-8E20A7DA04DF}.Release|ARM.Deploy.0 = Release|Any CPU
		{F589D3E5-8C86-4D5D-BECA-8E20A7DA04DF}.Release|iPhone.ActiveCfg = Release|Any CPU
		{F589D3E5-8C86-4D5D-BECA-8E20A7DA04DF}.Release|iPhone.Build.0 = Release|Any CPU
		{F589D3E5-8C86-4D5D-BECA-8E20A7DA04DF}.Release|iPhone.Deploy.0 = Release|Any CPU
		{F589D3E5-8C86-4D5D-BECA-8E20A7DA04DF}.Release|iPhoneSimulator.ActiveCfg = Release|Any CPU
		{F589D3E5-8C86-4D5D-BECA-8E20A7DA04DF}.Release|iPhoneSimulator.Build.0 = Release|Any CPU
		{F589D3E5-8C86-4D5D-BECA-8E20A7DA04DF}.Release|iPhoneSimulator.Deploy.0 = Release|Any CPU
		{F589D3E5-8C86-4D5D-BECA-8E20A7DA04DF}.Release|x64.ActiveCfg = Release|Any CPU
		{F589D3E5-8C86-4D5D-BECA-8E20A7DA04DF}.Release|x64.Build.0 = Release|Any CPU
		{F589D3E5-8C86-4D5D-BECA-8E20A7DA04DF}.Release|x64.Deploy.0 = Release|Any CPU
		{F589D3E5-8C86-4D5D-BECA-8E20A7DA04DF}.Release|x86.ActiveCfg = Release|Any CPU
		{F589D3E5-8C86-4D5D-BECA-8E20A7DA04DF}.Release|x86.Build.0 = Release|Any CPU
		{F589D3E5-8C86-4D5D-BECA-8E20A7DA04DF}.Release|x86.Deploy.0 = Release|Any CPU
		{936242D0-010E-4190-8469-3C4F55A4CFE7}.Ad-Hoc|Any CPU.ActiveCfg = Release|Any CPU
		{936242D0-010E-4190-8469-3C4F55A4CFE7}.Ad-Hoc|Any CPU.Build.0 = Release|Any CPU
		{936242D0-010E-4190-8469-3C4F55A4CFE7}.Ad-Hoc|ARM.ActiveCfg = Release|Any CPU
		{936242D0-010E-4190-8469-3C4F55A4CFE7}.Ad-Hoc|ARM.Build.0 = Release|Any CPU
		{936242D0-010E-4190-8469-3C4F55A4CFE7}.Ad-Hoc|iPhone.ActiveCfg = Release|Any CPU
		{936242D0-010E-4190-8469-3C4F55A4CFE7}.Ad-Hoc|iPhone.Build.0 = Release|Any CPU
		{936242D0-010E-4190-8469-3C4F55A4CFE7}.Ad-Hoc|iPhoneSimulator.ActiveCfg = Release|Any CPU
		{936242D0-010E-4190-8469-3C4F55A4CFE7}.Ad-Hoc|iPhoneSimulator.Build.0 = Release|Any CPU
		{936242D0-010E-4190-8469-3C4F55A4CFE7}.Ad-Hoc|x64.ActiveCfg = Release|Any CPU
		{936242D0-010E-4190-8469-3C4F55A4CFE7}.Ad-Hoc|x64.Build.0 = Release|Any CPU
		{936242D0-010E-4190-8469-3C4F55A4CFE7}.Ad-Hoc|x86.ActiveCfg = Release|Any CPU
		{936242D0-010E-4190-8469-3C4F55A4CFE7}.Ad-Hoc|x86.Build.0 = Release|Any CPU
		{936242D0-010E-4190-8469-3C4F55A4CFE7}.AppStore|Any CPU.ActiveCfg = Release|Any CPU
		{936242D0-010E-4190-8469-3C4F55A4CFE7}.AppStore|Any CPU.Build.0 = Release|Any CPU
		{936242D0-010E-4190-8469-3C4F55A4CFE7}.AppStore|ARM.ActiveCfg = Release|Any CPU
		{936242D0-010E-4190-8469-3C4F55A4CFE7}.AppStore|ARM.Build.0 = Release|Any CPU
		{936242D0-010E-4190-8469-3C4F55A4CFE7}.AppStore|iPhone.ActiveCfg = Release|Any CPU
		{936242D0-010E-4190-8469-3C4F55A4CFE7}.AppStore|iPhone.Build.0 = Release|Any CPU
		{936242D0-010E-4190-8469-3C4F55A4CFE7}.AppStore|iPhoneSimulator.ActiveCfg = Release|Any CPU
		{936242D0-010E-4190-8469-3C4F55A4CFE7}.AppStore|iPhoneSimulator.Build.0 = Release|Any CPU
		{936242D0-010E-4190-8469-3C4F55A4CFE7}.AppStore|x64.ActiveCfg = Release|Any CPU
		{936242D0-010E-4190-8469-3C4F55A4CFE7}.AppStore|x64.Build.0 = Release|Any CPU
		{936242D0-010E-4190-8469-3C4F55A4CFE7}.AppStore|x86.ActiveCfg = Release|Any CPU
		{936242D0-010E-4190-8469-3C4F55A4CFE7}.AppStore|x86.Build.0 = Release|Any CPU
		{936242D0-010E-4190-8469-3C4F55A4CFE7}.Debug|Any CPU.ActiveCfg = Debug|Any CPU
		{936242D0-010E-4190-8469-3C4F55A4CFE7}.Debug|Any CPU.Build.0 = Debug|Any CPU
		{936242D0-010E-4190-8469-3C4F55A4CFE7}.Debug|ARM.ActiveCfg = Debug|Any CPU
		{936242D0-010E-4190-8469-3C4F55A4CFE7}.Debug|ARM.Build.0 = Debug|Any CPU
		{936242D0-010E-4190-8469-3C4F55A4CFE7}.Debug|iPhone.ActiveCfg = Debug|Any CPU
		{936242D0-010E-4190-8469-3C4F55A4CFE7}.Debug|iPhone.Build.0 = Debug|Any CPU
		{936242D0-010E-4190-8469-3C4F55A4CFE7}.Debug|iPhoneSimulator.ActiveCfg = Debug|Any CPU
		{936242D0-010E-4190-8469-3C4F55A4CFE7}.Debug|iPhoneSimulator.Build.0 = Debug|Any CPU
		{936242D0-010E-4190-8469-3C4F55A4CFE7}.Debug|x64.ActiveCfg = Debug|Any CPU
		{936242D0-010E-4190-8469-3C4F55A4CFE7}.Debug|x64.Build.0 = Debug|Any CPU
		{936242D0-010E-4190-8469-3C4F55A4CFE7}.Debug|x86.ActiveCfg = Debug|Any CPU
		{936242D0-010E-4190-8469-3C4F55A4CFE7}.Debug|x86.Build.0 = Debug|Any CPU
		{936242D0-010E-4190-8469-3C4F55A4CFE7}.Release|Any CPU.ActiveCfg = Release|Any CPU
		{936242D0-010E-4190-8469-3C4F55A4CFE7}.Release|Any CPU.Build.0 = Release|Any CPU
		{936242D0-010E-4190-8469-3C4F55A4CFE7}.Release|ARM.ActiveCfg = Release|Any CPU
		{936242D0-010E-4190-8469-3C4F55A4CFE7}.Release|ARM.Build.0 = Release|Any CPU
		{936242D0-010E-4190-8469-3C4F55A4CFE7}.Release|iPhone.ActiveCfg = Release|Any CPU
		{936242D0-010E-4190-8469-3C4F55A4CFE7}.Release|iPhone.Build.0 = Release|Any CPU
		{936242D0-010E-4190-8469-3C4F55A4CFE7}.Release|iPhoneSimulator.ActiveCfg = Release|Any CPU
		{936242D0-010E-4190-8469-3C4F55A4CFE7}.Release|iPhoneSimulator.Build.0 = Release|Any CPU
		{936242D0-010E-4190-8469-3C4F55A4CFE7}.Release|x64.ActiveCfg = Release|Any CPU
		{936242D0-010E-4190-8469-3C4F55A4CFE7}.Release|x64.Build.0 = Release|Any CPU
		{936242D0-010E-4190-8469-3C4F55A4CFE7}.Release|x86.ActiveCfg = Release|Any CPU
		{936242D0-010E-4190-8469-3C4F55A4CFE7}.Release|x86.Build.0 = Release|Any CPU
		{80A3D82B-A31E-4122-A25B-2E7C4FB037CF}.Ad-Hoc|Any CPU.ActiveCfg = Release|x86
		{80A3D82B-A31E-4122-A25B-2E7C4FB037CF}.Ad-Hoc|Any CPU.Build.0 = Release|x86
		{80A3D82B-A31E-4122-A25B-2E7C4FB037CF}.Ad-Hoc|Any CPU.Deploy.0 = Release|x86
		{80A3D82B-A31E-4122-A25B-2E7C4FB037CF}.Ad-Hoc|ARM.ActiveCfg = Release|ARM
		{80A3D82B-A31E-4122-A25B-2E7C4FB037CF}.Ad-Hoc|ARM.Build.0 = Release|ARM
		{80A3D82B-A31E-4122-A25B-2E7C4FB037CF}.Ad-Hoc|ARM.Deploy.0 = Release|ARM
		{80A3D82B-A31E-4122-A25B-2E7C4FB037CF}.Ad-Hoc|iPhone.ActiveCfg = Release|x86
		{80A3D82B-A31E-4122-A25B-2E7C4FB037CF}.Ad-Hoc|iPhone.Build.0 = Release|x86
		{80A3D82B-A31E-4122-A25B-2E7C4FB037CF}.Ad-Hoc|iPhone.Deploy.0 = Release|x86
		{80A3D82B-A31E-4122-A25B-2E7C4FB037CF}.Ad-Hoc|iPhoneSimulator.ActiveCfg = Release|x86
		{80A3D82B-A31E-4122-A25B-2E7C4FB037CF}.Ad-Hoc|iPhoneSimulator.Build.0 = Release|x86
		{80A3D82B-A31E-4122-A25B-2E7C4FB037CF}.Ad-Hoc|iPhoneSimulator.Deploy.0 = Release|x86
		{80A3D82B-A31E-4122-A25B-2E7C4FB037CF}.Ad-Hoc|x64.ActiveCfg = Release|x64
		{80A3D82B-A31E-4122-A25B-2E7C4FB037CF}.Ad-Hoc|x64.Build.0 = Release|x64
		{80A3D82B-A31E-4122-A25B-2E7C4FB037CF}.Ad-Hoc|x64.Deploy.0 = Release|x64
		{80A3D82B-A31E-4122-A25B-2E7C4FB037CF}.Ad-Hoc|x86.ActiveCfg = Release|x86
		{80A3D82B-A31E-4122-A25B-2E7C4FB037CF}.Ad-Hoc|x86.Build.0 = Release|x86
		{80A3D82B-A31E-4122-A25B-2E7C4FB037CF}.Ad-Hoc|x86.Deploy.0 = Release|x86
		{80A3D82B-A31E-4122-A25B-2E7C4FB037CF}.AppStore|Any CPU.ActiveCfg = Release|x86
		{80A3D82B-A31E-4122-A25B-2E7C4FB037CF}.AppStore|Any CPU.Build.0 = Release|x86
		{80A3D82B-A31E-4122-A25B-2E7C4FB037CF}.AppStore|Any CPU.Deploy.0 = Release|x86
		{80A3D82B-A31E-4122-A25B-2E7C4FB037CF}.AppStore|ARM.ActiveCfg = Release|ARM
		{80A3D82B-A31E-4122-A25B-2E7C4FB037CF}.AppStore|ARM.Build.0 = Release|ARM
		{80A3D82B-A31E-4122-A25B-2E7C4FB037CF}.AppStore|ARM.Deploy.0 = Release|ARM
		{80A3D82B-A31E-4122-A25B-2E7C4FB037CF}.AppStore|iPhone.ActiveCfg = Release|x86
		{80A3D82B-A31E-4122-A25B-2E7C4FB037CF}.AppStore|iPhone.Build.0 = Release|x86
		{80A3D82B-A31E-4122-A25B-2E7C4FB037CF}.AppStore|iPhone.Deploy.0 = Release|x86
		{80A3D82B-A31E-4122-A25B-2E7C4FB037CF}.AppStore|iPhoneSimulator.ActiveCfg = Release|x86
		{80A3D82B-A31E-4122-A25B-2E7C4FB037CF}.AppStore|iPhoneSimulator.Build.0 = Release|x86
		{80A3D82B-A31E-4122-A25B-2E7C4FB037CF}.AppStore|iPhoneSimulator.Deploy.0 = Release|x86
		{80A3D82B-A31E-4122-A25B-2E7C4FB037CF}.AppStore|x64.ActiveCfg = Release|x64
		{80A3D82B-A31E-4122-A25B-2E7C4FB037CF}.AppStore|x64.Build.0 = Release|x64
		{80A3D82B-A31E-4122-A25B-2E7C4FB037CF}.AppStore|x64.Deploy.0 = Release|x64
		{80A3D82B-A31E-4122-A25B-2E7C4FB037CF}.AppStore|x86.ActiveCfg = Release|x86
		{80A3D82B-A31E-4122-A25B-2E7C4FB037CF}.AppStore|x86.Build.0 = Release|x86
		{80A3D82B-A31E-4122-A25B-2E7C4FB037CF}.AppStore|x86.Deploy.0 = Release|x86
		{80A3D82B-A31E-4122-A25B-2E7C4FB037CF}.Debug|Any CPU.ActiveCfg = Debug|x86
		{80A3D82B-A31E-4122-A25B-2E7C4FB037CF}.Debug|ARM.ActiveCfg = Debug|ARM
		{80A3D82B-A31E-4122-A25B-2E7C4FB037CF}.Debug|ARM.Build.0 = Debug|ARM
		{80A3D82B-A31E-4122-A25B-2E7C4FB037CF}.Debug|ARM.Deploy.0 = Debug|ARM
		{80A3D82B-A31E-4122-A25B-2E7C4FB037CF}.Debug|iPhone.ActiveCfg = Debug|x86
		{80A3D82B-A31E-4122-A25B-2E7C4FB037CF}.Debug|iPhoneSimulator.ActiveCfg = Debug|x86
		{80A3D82B-A31E-4122-A25B-2E7C4FB037CF}.Debug|x64.ActiveCfg = Debug|x64
		{80A3D82B-A31E-4122-A25B-2E7C4FB037CF}.Debug|x64.Build.0 = Debug|x64
		{80A3D82B-A31E-4122-A25B-2E7C4FB037CF}.Debug|x64.Deploy.0 = Debug|x64
		{80A3D82B-A31E-4122-A25B-2E7C4FB037CF}.Debug|x86.ActiveCfg = Debug|x86
		{80A3D82B-A31E-4122-A25B-2E7C4FB037CF}.Debug|x86.Build.0 = Debug|x86
		{80A3D82B-A31E-4122-A25B-2E7C4FB037CF}.Debug|x86.Deploy.0 = Debug|x86
		{80A3D82B-A31E-4122-A25B-2E7C4FB037CF}.Release|Any CPU.ActiveCfg = Release|x86
		{80A3D82B-A31E-4122-A25B-2E7C4FB037CF}.Release|ARM.ActiveCfg = Release|ARM
		{80A3D82B-A31E-4122-A25B-2E7C4FB037CF}.Release|ARM.Build.0 = Release|ARM
		{80A3D82B-A31E-4122-A25B-2E7C4FB037CF}.Release|ARM.Deploy.0 = Release|ARM
		{80A3D82B-A31E-4122-A25B-2E7C4FB037CF}.Release|iPhone.ActiveCfg = Release|x86
		{80A3D82B-A31E-4122-A25B-2E7C4FB037CF}.Release|iPhoneSimulator.ActiveCfg = Release|x86
		{80A3D82B-A31E-4122-A25B-2E7C4FB037CF}.Release|x64.ActiveCfg = Release|x64
		{80A3D82B-A31E-4122-A25B-2E7C4FB037CF}.Release|x64.Build.0 = Release|x64
		{80A3D82B-A31E-4122-A25B-2E7C4FB037CF}.Release|x64.Deploy.0 = Release|x64
		{80A3D82B-A31E-4122-A25B-2E7C4FB037CF}.Release|x86.ActiveCfg = Release|x86
		{80A3D82B-A31E-4122-A25B-2E7C4FB037CF}.Release|x86.Build.0 = Release|x86
		{80A3D82B-A31E-4122-A25B-2E7C4FB037CF}.Release|x86.Deploy.0 = Release|x86
	EndGlobalSection
	GlobalSection(SolutionProperties) = preSolution
		HideSolutionNode = FALSE
	EndGlobalSection
EndGlobal
